// !$*UTF8*$!
{
	archiveVersion = 1;
	classes = {
	};
	objectVersion = 56;
	objects = {

/* Begin PBXBuildFile section */
		6E1FD3C329429AF3001DC7B6 /* GameOverScene.swift in Sources */ = {isa = PBXBuildFile; fileRef = 6E1FD3C229429AF3001DC7B6 /* GameOverScene.swift */; };
		6E1FD3C52942A0C0001DC7B6 /* animazioni.swift in Sources */ = {isa = PBXBuildFile; fileRef = 6E1FD3C42942A0C0001DC7B6 /* animazioni.swift */; };
		6E1FD3C9294392EA001DC7B6 /* MainMenu.swift in Sources */ = {isa = PBXBuildFile; fileRef = 6E1FD3C8294392EA001DC7B6 /* MainMenu.swift */; };
		6E1FD3CF2943BC2B001DC7B6 /* GameViewController.swift 19-51-58-488.swift in Sources */ = {isa = PBXBuildFile; fileRef = 6E1FD3CE2943BC2B001DC7B6 /* GameViewController.swift 19-51-58-488.swift */; };
		6E1FD3D129441CCB001DC7B6 /* GameStartUPScene.swift in Sources */ = {isa = PBXBuildFile; fileRef = 6E1FD3D029441CCB001DC7B6 /* GameStartUPScene.swift */; };
		6E1FD3D329441CF5001DC7B6 /* GameStartUPScene.sks in Resources */ = {isa = PBXBuildFile; fileRef = 6E1FD3D229441CF5001DC7B6 /* GameStartUPScene.sks */; };
		6E1FD3D52944435A001DC7B6 /* Emulogic.ttf in Resources */ = {isa = PBXBuildFile; fileRef = 6E1FD3D42944435A001DC7B6 /* Emulogic.ttf */; };
		6EAA9F60293F3E4F00D61127 /* AppDelegate.swift in Sources */ = {isa = PBXBuildFile; fileRef = 6EAA9F5F293F3E4F00D61127 /* AppDelegate.swift */; };
		6EAA9F62293F3E4F00D61127 /* GameScene.sks in Resources */ = {isa = PBXBuildFile; fileRef = 6EAA9F61293F3E4F00D61127 /* GameScene.sks */; };
		6EAA9F64293F3E4F00D61127 /* Actions.sks in Resources */ = {isa = PBXBuildFile; fileRef = 6EAA9F63293F3E4F00D61127 /* Actions.sks */; };
		6EAA9F66293F3E4F00D61127 /* GameScene.swift in Sources */ = {isa = PBXBuildFile; fileRef = 6EAA9F65293F3E4F00D61127 /* GameScene.swift */; };
		6EAA9F6B293F3E4F00D61127 /* Main.storyboard in Resources */ = {isa = PBXBuildFile; fileRef = 6EAA9F69293F3E4F00D61127 /* Main.storyboard */; };
		6EAA9F6D293F3E5000D61127 /* Assets.xcassets in Resources */ = {isa = PBXBuildFile; fileRef = 6EAA9F6C293F3E5000D61127 /* Assets.xcassets */; };
		6EAA9F70293F3E5000D61127 /* LaunchScreen.storyboard in Resources */ = {isa = PBXBuildFile; fileRef = 6EAA9F6E293F3E5000D61127 /* LaunchScreen.storyboard */; };
/* End PBXBuildFile section */

/* Begin PBXFileReference section */
		6E1FD3C229429AF3001DC7B6 /* GameOverScene.swift */ = {isa = PBXFileReference; lastKnownFileType = sourcecode.swift; path = GameOverScene.swift; sourceTree = "<group>"; };
		6E1FD3C42942A0C0001DC7B6 /* animazioni.swift */ = {isa = PBXFileReference; lastKnownFileType = sourcecode.swift; path = animazioni.swift; sourceTree = "<group>"; };
		6E1FD3C8294392EA001DC7B6 /* MainMenu.swift */ = {isa = PBXFileReference; lastKnownFileType = sourcecode.swift; path = MainMenu.swift; sourceTree = "<group>"; };
		6E1FD3CE2943BC2B001DC7B6 /* GameViewController.swift 19-51-58-488.swift */ = {isa = PBXFileReference; fileEncoding = 4; lastKnownFileType = sourcecode.swift; path = "GameViewController.swift 19-51-58-488.swift"; sourceTree = "<group>"; };
		6E1FD3D029441CCB001DC7B6 /* GameStartUPScene.swift */ = {isa = PBXFileReference; lastKnownFileType = sourcecode.swift; path = GameStartUPScene.swift; sourceTree = "<group>"; };
		6E1FD3D229441CF5001DC7B6 /* GameStartUPScene.sks */ = {isa = PBXFileReference; lastKnownFileType = file.sks; path = GameStartUPScene.sks; sourceTree = "<group>"; };
		6E1FD3D42944435A001DC7B6 /* Emulogic.ttf */ = {isa = PBXFileReference; lastKnownFileType = file; path = Emulogic.ttf; sourceTree = "<group>"; };
		6E1FD3D6294443CC001DC7B6 /* Info.plist */ = {isa = PBXFileReference; lastKnownFileType = text.plist; path = Info.plist; sourceTree = "<group>"; };
		6EAA9F5C293F3E4F00D61127 /* Hoborush.app */ = {isa = PBXFileReference; explicitFileType = wrapper.application; includeInIndex = 0; path = Hoborush.app; sourceTree = BUILT_PRODUCTS_DIR; };
		6EAA9F5F293F3E4F00D61127 /* AppDelegate.swift */ = {isa = PBXFileReference; lastKnownFileType = sourcecode.swift; path = AppDelegate.swift; sourceTree = "<group>"; };
		6EAA9F61293F3E4F00D61127 /* GameScene.sks */ = {isa = PBXFileReference; lastKnownFileType = file.sks; path = GameScene.sks; sourceTree = "<group>"; };
		6EAA9F63293F3E4F00D61127 /* Actions.sks */ = {isa = PBXFileReference; lastKnownFileType = file.sks; path = Actions.sks; sourceTree = "<group>"; };
		6EAA9F65293F3E4F00D61127 /* GameScene.swift */ = {isa = PBXFileReference; lastKnownFileType = sourcecode.swift; path = GameScene.swift; sourceTree = "<group>"; };
		6EAA9F6A293F3E4F00D61127 /* Base */ = {isa = PBXFileReference; lastKnownFileType = file.storyboard; name = Base; path = Base.lproj/Main.storyboard; sourceTree = "<group>"; };
		6EAA9F6C293F3E5000D61127 /* Assets.xcassets */ = {isa = PBXFileReference; lastKnownFileType = folder.assetcatalog; path = Assets.xcassets; sourceTree = "<group>"; };
		6EAA9F6F293F3E5000D61127 /* Base */ = {isa = PBXFileReference; lastKnownFileType = file.storyboard; name = Base; path = Base.lproj/LaunchScreen.storyboard; sourceTree = "<group>"; };
/* End PBXFileReference section */

/* Begin PBXFrameworksBuildPhase section */
		6EAA9F59293F3E4F00D61127 /* Frameworks */ = {
			isa = PBXFrameworksBuildPhase;
			buildActionMask = 2147483647;
			files = (
			);
			runOnlyForDeploymentPostprocessing = 0;
		};
/* End PBXFrameworksBuildPhase section */

/* Begin PBXGroup section */
		6EAA9F53293F3E4F00D61127 = {
			isa = PBXGroup;
			children = (
				6EAA9F5E293F3E4F00D61127 /* Hoborush */,
				6EAA9F5D293F3E4F00D61127 /* Products */,
			);
			sourceTree = "<group>";
		};
		6EAA9F5D293F3E4F00D61127 /* Products */ = {
			isa = PBXGroup;
			children = (
				6EAA9F5C293F3E4F00D61127 /* Hoborush.app */,
			);
			name = Products;
			sourceTree = "<group>";
		};
		6EAA9F5E293F3E4F00D61127 /* Hoborush */ = {
			isa = PBXGroup;
			children = (
				6E1FD3D6294443CC001DC7B6 /* Info.plist */,
				6E1FD3D42944435A001DC7B6 /* Emulogic.ttf */,
				6EAA9F5F293F3E4F00D61127 /* AppDelegate.swift */,
				6EAA9F63293F3E4F00D61127 /* Actions.sks */,
				6E1FD3D029441CCB001DC7B6 /* GameStartUPScene.swift */,
				6E1FD3D229441CF5001DC7B6 /* GameStartUPScene.sks */,
				6E1FD3C42942A0C0001DC7B6 /* animazioni.swift */,
				6E1FD3C229429AF3001DC7B6 /* GameOverScene.swift */,
				6EAA9F61293F3E4F00D61127 /* GameScene.sks */,
				6EAA9F65293F3E4F00D61127 /* GameScene.swift */,
				6E1FD3C8294392EA001DC7B6 /* MainMenu.swift */,
				6E1FD3CE2943BC2B001DC7B6 /* GameViewController.swift 19-51-58-488.swift */,
				6EAA9F69293F3E4F00D61127 /* Main.storyboard */,
				6EAA9F6C293F3E5000D61127 /* Assets.xcassets */,
				6EAA9F6E293F3E5000D61127 /* LaunchScreen.storyboard */,
			);
			path = Hoborush;
			sourceTree = "<group>";
		};
/* End PBXGroup section */

/* Begin PBXNativeTarget section */
		6EAA9F5B293F3E4F00D61127 /* Hoborush */ = {
			isa = PBXNativeTarget;
			buildConfigurationList = 6EAA9F73293F3E5000D61127 /* Build configuration list for PBXNativeTarget "Hoborush" */;
			buildPhases = (
				6EAA9F58293F3E4F00D61127 /* Sources */,
				6EAA9F59293F3E4F00D61127 /* Frameworks */,
				6EAA9F5A293F3E4F00D61127 /* Resources */,
			);
			buildRules = (
			);
			dependencies = (
			);
			name = Hoborush;
			productName = Hoborush;
			productReference = 6EAA9F5C293F3E4F00D61127 /* Hoborush.app */;
			productType = "com.apple.product-type.application";
		};
/* End PBXNativeTarget section */

/* Begin PBXProject section */
		6EAA9F54293F3E4F00D61127 /* Project object */ = {
			isa = PBXProject;
			attributes = {
				BuildIndependentTargetsInParallel = 1;
				LastSwiftUpdateCheck = 1410;
				LastUpgradeCheck = 1410;
				TargetAttributes = {
					6EAA9F5B293F3E4F00D61127 = {
						CreatedOnToolsVersion = 14.1;
					};
				};
			};
			buildConfigurationList = 6EAA9F57293F3E4F00D61127 /* Build configuration list for PBXProject "Hoborush" */;
			compatibilityVersion = "Xcode 14.0";
			developmentRegion = en;
			hasScannedForEncodings = 0;
			knownRegions = (
				en,
				Base,
			);
			mainGroup = 6EAA9F53293F3E4F00D61127;
			productRefGroup = 6EAA9F5D293F3E4F00D61127 /* Products */;
			projectDirPath = "";
			projectRoot = "";
			targets = (
				6EAA9F5B293F3E4F00D61127 /* Hoborush */,
			);
		};
/* End PBXProject section */

/* Begin PBXResourcesBuildPhase section */
		6EAA9F5A293F3E4F00D61127 /* Resources */ = {
			isa = PBXResourcesBuildPhase;
			buildActionMask = 2147483647;
			files = (
				6E1FD3D329441CF5001DC7B6 /* GameStartUPScene.sks in Resources */,
				6EAA9F6B293F3E4F00D61127 /* Main.storyboard in Resources */,
				6EAA9F62293F3E4F00D61127 /* GameScene.sks in Resources */,
				6EAA9F6D293F3E5000D61127 /* Assets.xcassets in Resources */,
				6E1FD3D52944435A001DC7B6 /* Emulogic.ttf in Resources */,
				6EAA9F70293F3E5000D61127 /* LaunchScreen.storyboard in Resources */,
				6EAA9F64293F3E4F00D61127 /* Actions.sks in Resources */,
			);
			runOnlyForDeploymentPostprocessing = 0;
		};
/* End PBXResourcesBuildPhase section */

/* Begin PBXSourcesBuildPhase section */
		6EAA9F58293F3E4F00D61127 /* Sources */ = {
			isa = PBXSourcesBuildPhase;
			buildActionMask = 2147483647;
			files = (
				6EAA9F66293F3E4F00D61127 /* GameScene.swift in Sources */,
				6E1FD3C9294392EA001DC7B6 /* MainMenu.swift in Sources */,
				6E1FD3C52942A0C0001DC7B6 /* animazioni.swift in Sources */,
				6E1FD3C329429AF3001DC7B6 /* GameOverScene.swift in Sources */,
				6E1FD3D129441CCB001DC7B6 /* GameStartUPScene.swift in Sources */,
				6E1FD3CF2943BC2B001DC7B6 /* GameViewController.swift 19-51-58-488.swift in Sources */,
				6EAA9F60293F3E4F00D61127 /* AppDelegate.swift in Sources */,
			);
			runOnlyForDeploymentPostprocessing = 0;
		};
/* End PBXSourcesBuildPhase section */

/* Begin PBXVariantGroup section */
		6EAA9F69293F3E4F00D61127 /* Main.storyboard */ = {
			isa = PBXVariantGroup;
			children = (
				6EAA9F6A293F3E4F00D61127 /* Base */,
			);
			name = Main.storyboard;
			sourceTree = "<group>";
		};
		6EAA9F6E293F3E5000D61127 /* LaunchScreen.storyboard */ = {
			isa = PBXVariantGroup;
			children = (
				6EAA9F6F293F3E5000D61127 /* Base */,
			);
			name = LaunchScreen.storyboard;
			sourceTree = "<group>";
		};
/* End PBXVariantGroup section */

/* Begin XCBuildConfiguration section */
		6EAA9F71293F3E5000D61127 /* Debug */ = {
			isa = XCBuildConfiguration;
			buildSettings = {
				ALWAYS_SEARCH_USER_PATHS = NO;
				CLANG_ANALYZER_NONNULL = YES;
				CLANG_ANALYZER_NUMBER_OBJECT_CONVERSION = YES_AGGRESSIVE;
				CLANG_CXX_LANGUAGE_STANDARD = "gnu++20";
				CLANG_ENABLE_MODULES = YES;
				CLANG_ENABLE_OBJC_ARC = YES;
				CLANG_ENABLE_OBJC_WEAK = YES;
				CLANG_WARN_BLOCK_CAPTURE_AUTORELEASING = YES;
				CLANG_WARN_BOOL_CONVERSION = YES;
				CLANG_WARN_COMMA = YES;
				CLANG_WARN_CONSTANT_CONVERSION = YES;
				CLANG_WARN_DEPRECATED_OBJC_IMPLEMENTATIONS = YES;
				CLANG_WARN_DIRECT_OBJC_ISA_USAGE = YES_ERROR;
				CLANG_WARN_DOCUMENTATION_COMMENTS = YES;
				CLANG_WARN_EMPTY_BODY = YES;
				CLANG_WARN_ENUM_CONVERSION = YES;
				CLANG_WARN_INFINITE_RECURSION = YES;
				CLANG_WARN_INT_CONVERSION = YES;
				CLANG_WARN_NON_LITERAL_NULL_CONVERSION = YES;
				CLANG_WARN_OBJC_IMPLICIT_RETAIN_SELF = YES;
				CLANG_WARN_OBJC_LITERAL_CONVERSION = YES;
				CLANG_WARN_OBJC_ROOT_CLASS = YES_ERROR;
				CLANG_WARN_QUOTED_INCLUDE_IN_FRAMEWORK_HEADER = YES;
				CLANG_WARN_RANGE_LOOP_ANALYSIS = YES;
				CLANG_WARN_STRICT_PROTOTYPES = YES;
				CLANG_WARN_SUSPICIOUS_MOVE = YES;
				CLANG_WARN_UNGUARDED_AVAILABILITY = YES_AGGRESSIVE;
				CLANG_WARN_UNREACHABLE_CODE = YES;
				CLANG_WARN__DUPLICATE_METHOD_MATCH = YES;
				COPY_PHASE_STRIP = NO;
				DEBUG_INFORMATION_FORMAT = dwarf;
				ENABLE_STRICT_OBJC_MSGSEND = YES;
				ENABLE_TESTABILITY = YES;
				GCC_C_LANGUAGE_STANDARD = gnu11;
				GCC_DYNAMIC_NO_PIC = NO;
				GCC_NO_COMMON_BLOCKS = YES;
				GCC_OPTIMIZATION_LEVEL = 0;
				GCC_PREPROCESSOR_DEFINITIONS = (
					"DEBUG=1",
					"$(inherited)",
				);
				GCC_WARN_64_TO_32_BIT_CONVERSION = YES;
				GCC_WARN_ABOUT_RETURN_TYPE = YES_ERROR;
				GCC_WARN_UNDECLARED_SELECTOR = YES;
				GCC_WARN_UNINITIALIZED_AUTOS = YES_AGGRESSIVE;
				GCC_WARN_UNUSED_FUNCTION = YES;
				GCC_WARN_UNUSED_VARIABLE = YES;
				IPHONEOS_DEPLOYMENT_TARGET = 16.1;
				MTL_ENABLE_DEBUG_INFO = INCLUDE_SOURCE;
				MTL_FAST_MATH = YES;
				ONLY_ACTIVE_ARCH = YES;
				SDKROOT = iphoneos;
				SWIFT_ACTIVE_COMPILATION_CONDITIONS = DEBUG;
				SWIFT_OPTIMIZATION_LEVEL = "-Onone";
			};
			name = Debug;
		};
		6EAA9F72293F3E5000D61127 /* Release */ = {
			isa = XCBuildConfiguration;
			buildSettings = {
				ALWAYS_SEARCH_USER_PATHS = NO;
				CLANG_ANALYZER_NONNULL = YES;
				CLANG_ANALYZER_NUMBER_OBJECT_CONVERSION = YES_AGGRESSIVE;
				CLANG_CXX_LANGUAGE_STANDARD = "gnu++20";
				CLANG_ENABLE_MODULES = YES;
				CLANG_ENABLE_OBJC_ARC = YES;
				CLANG_ENABLE_OBJC_WEAK = YES;
				CLANG_WARN_BLOCK_CAPTURE_AUTORELEASING = YES;
				CLANG_WARN_BOOL_CONVERSION = YES;
				CLANG_WARN_COMMA = YES;
				CLANG_WARN_CONSTANT_CONVERSION = YES;
				CLANG_WARN_DEPRECATED_OBJC_IMPLEMENTATIONS = YES;
				CLANG_WARN_DIRECT_OBJC_ISA_USAGE = YES_ERROR;
				CLANG_WARN_DOCUMENTATION_COMMENTS = YES;
				CLANG_WARN_EMPTY_BODY = YES;
				CLANG_WARN_ENUM_CONVERSION = YES;
				CLANG_WARN_INFINITE_RECURSION = YES;
				CLANG_WARN_INT_CONVERSION = YES;
				CLANG_WARN_NON_LITERAL_NULL_CONVERSION = YES;
				CLANG_WARN_OBJC_IMPLICIT_RETAIN_SELF = YES;
				CLANG_WARN_OBJC_LITERAL_CONVERSION = YES;
				CLANG_WARN_OBJC_ROOT_CLASS = YES_ERROR;
				CLANG_WARN_QUOTED_INCLUDE_IN_FRAMEWORK_HEADER = YES;
				CLANG_WARN_RANGE_LOOP_ANALYSIS = YES;
				CLANG_WARN_STRICT_PROTOTYPES = YES;
				CLANG_WARN_SUSPICIOUS_MOVE = YES;
				CLANG_WARN_UNGUARDED_AVAILABILITY = YES_AGGRESSIVE;
				CLANG_WARN_UNREACHABLE_CODE = YES;
				CLANG_WARN__DUPLICATE_METHOD_MATCH = YES;
				COPY_PHASE_STRIP = NO;
				DEBUG_INFORMATION_FORMAT = "dwarf-with-dsym";
				ENABLE_NS_ASSERTIONS = NO;
				ENABLE_STRICT_OBJC_MSGSEND = YES;
				GCC_C_LANGUAGE_STANDARD = gnu11;
				GCC_NO_COMMON_BLOCKS = YES;
				GCC_WARN_64_TO_32_BIT_CONVERSION = YES;
				GCC_WARN_ABOUT_RETURN_TYPE = YES_ERROR;
				GCC_WARN_UNDECLARED_SELECTOR = YES;
				GCC_WARN_UNINITIALIZED_AUTOS = YES_AGGRESSIVE;
				GCC_WARN_UNUSED_FUNCTION = YES;
				GCC_WARN_UNUSED_VARIABLE = YES;
				IPHONEOS_DEPLOYMENT_TARGET = 16.1;
				MTL_ENABLE_DEBUG_INFO = NO;
				MTL_FAST_MATH = YES;
				SDKROOT = iphoneos;
				SWIFT_COMPILATION_MODE = wholemodule;
				SWIFT_OPTIMIZATION_LEVEL = "-O";
				VALIDATE_PRODUCT = YES;
			};
			name = Release;
		};
		6EAA9F74293F3E5000D61127 /* Debug */ = {
			isa = XCBuildConfiguration;
			buildSettings = {
				ASSETCATALOG_COMPILER_APPICON_NAME = AppIcon;
				ASSETCATALOG_COMPILER_GLOBAL_ACCENT_COLOR_NAME = AccentColor;
				CODE_SIGN_STYLE = Automatic;
				CURRENT_PROJECT_VERSION = 1;
				DEVELOPMENT_TEAM = 8Q2GQ7758S;
				GENERATE_INFOPLIST_FILE = YES;
				INFOPLIST_FILE = Hoborush/Info.plist;
				INFOPLIST_KEY_CFBundleDisplayName = HoboRush;
				INFOPLIST_KEY_LSApplicationCategoryType = "public.app-category.arcade-games";
				INFOPLIST_KEY_UIApplicationSupportsIndirectInputEvents = YES;
				INFOPLIST_KEY_UILaunchStoryboardName = LaunchScreen;
				INFOPLIST_KEY_UIMainStoryboardFile = Main;
				INFOPLIST_KEY_UIStatusBarHidden = YES;
				INFOPLIST_KEY_UIStatusBarStyle = "";
				INFOPLIST_KEY_UISupportedInterfaceOrientations = "UIInterfaceOrientationLandscapeLeft UIInterfaceOrientationLandscapeRight";
				INFOPLIST_KEY_UISupportedInterfaceOrientations_iPad = "UIInterfaceOrientationLandscapeLeft UIInterfaceOrientationLandscapeRight UIInterfaceOrientationPortrait UIInterfaceOrientationPortraitUpsideDown";
				IPHONEOS_DEPLOYMENT_TARGET = 15.0;
				LD_RUNPATH_SEARCH_PATHS = (
					"$(inherited)",
					"@executable_path/Frameworks",
				);
				MARKETING_VERSION = 1.0;
				PRODUCT_BUNDLE_IDENTIFIER = ada.hoborush.com;
				PRODUCT_NAME = "$(TARGET_NAME)";
				SUPPORTED_PLATFORMS = "iphoneos iphonesimulator";
				SUPPORTS_MACCATALYST = NO;
				SUPPORTS_MAC_DESIGNED_FOR_IPHONE_IPAD = NO;
				SWIFT_EMIT_LOC_STRINGS = YES;
				SWIFT_VERSION = 5.0;
				TARGETED_DEVICE_FAMILY = 1;
			};
			name = Debug;
		};
		6EAA9F75293F3E5000D61127 /* Release */ = {
			isa = XCBuildConfiguration;
			buildSettings = {
				ASSETCATALOG_COMPILER_APPICON_NAME = AppIcon;
				ASSETCATALOG_COMPILER_GLOBAL_ACCENT_COLOR_NAME = AccentColor;
				CODE_SIGN_STYLE = Automatic;
				CURRENT_PROJECT_VERSION = 1;
				DEVELOPMENT_TEAM = 8Q2GQ7758S;
				GENERATE_INFOPLIST_FILE = YES;
				INFOPLIST_FILE = Hoborush/Info.plist;
				INFOPLIST_KEY_CFBundleDisplayName = HoboRush;
				INFOPLIST_KEY_LSApplicationCategoryType = "public.app-category.arcade-games";
				INFOPLIST_KEY_UIApplicationSupportsIndirectInputEvents = YES;
				INFOPLIST_KEY_UILaunchStoryboardName = LaunchScreen;
				INFOPLIST_KEY_UIMainStoryboardFile = Main;
				INFOPLIST_KEY_UIStatusBarHidden = YES;
				INFOPLIST_KEY_UIStatusBarStyle = "";
				INFOPLIST_KEY_UISupportedInterfaceOrientations = "UIInterfaceOrientationLandscapeLeft UIInterfaceOrientationLandscapeRight";
				INFOPLIST_KEY_UISupportedInterfaceOrientations_iPad = "UIInterfaceOrientationLandscapeLeft UIInterfaceOrientationLandscapeRight UIInterfaceOrientationPortrait UIInterfaceOrientationPortraitUpsideDown";
				IPHONEOS_DEPLOYMENT_TARGET = 15.0;
				LD_RUNPATH_SEARCH_PATHS = (
					"$(inherited)",
					"@executable_path/Frameworks",
				);
				MARKETING_VERSION = 1.0;
				PRODUCT_BUNDLE_IDENTIFIER = ada.hoborush.com;
				PRODUCT_NAME = "$(TARGET_NAME)";
				SUPPORTED_PLATFORMS = "iphoneos iphonesimulator";
				SUPPORTS_MACCATALYST = NO;
				SUPPORTS_MAC_DESIGNED_FOR_IPHONE_IPAD = NO;
				SWIFT_EMIT_LOC_STRINGS = YES;
				SWIFT_VERSION = 5.0;
				TARGETED_DEVICE_FAMILY = 1;
			};
			name = Release;
		};
/* End XCBuildConfiguration section */

/* Begin XCConfigurationList section */
		6EAA9F57293F3E4F00D61127 /* Build configuration list for PBXProject "Hoborush" */ = {
			isa = XCConfigurationList;
			buildConfigurations = (
				6EAA9F71293F3E5000D61127 /* Debug */,
				6EAA9F72293F3E5000D61127 /* Release */,
			);
			defaultConfigurationIsVisible = 0;
			defaultConfigurationName = Release;
		};
		6EAA9F73293F3E5000D61127 /* Build configuration list for PBXNativeTarget "Hoborush" */ = {
			isa = XCConfigurationList;
			buildConfigurations = (
				6EAA9F74293F3E5000D61127 /* Debug */,
				6EAA9F75293F3E5000D61127 /* Release */,
			);
			defaultConfigurationIsVisible = 0;
			defaultConfigurationName = Release;
		};
/* End XCConfigurationList section */
	};
	rootObject = 6EAA9F54293F3E4F00D61127 /* Project object */;
}
